// !$*UTF8*$!
{
	archiveVersion = 1;
	classes = {
	};
	objectVersion = 48;
	objects = {

/* Begin PBXBuildFile section */
		63D43E83018EAAEF8C229549 /* Pods_Eureka_Article.framework in Frameworks */ = {isa = PBXBuildFile; fileRef = BD429DF341A3E29AEBABD997 /* Pods_Eureka_Article.framework */; };
		C36E577620334ED100E9339C /* EurekaSimpleViewController.swift in Sources */ = {isa = PBXBuildFile; fileRef = C36E577520334ED100E9339C /* EurekaSimpleViewController.swift */; };
		C3AE361E2032E94B002A16DF /* AppDelegate.swift in Sources */ = {isa = PBXBuildFile; fileRef = C3AE361D2032E94B002A16DF /* AppDelegate.swift */; };
		C3AE36232032E94B002A16DF /* Main.storyboard in Resources */ = {isa = PBXBuildFile; fileRef = C3AE36212032E94B002A16DF /* Main.storyboard */; };
		C3AE36252032E94B002A16DF /* Assets.xcassets in Resources */ = {isa = PBXBuildFile; fileRef = C3AE36242032E94B002A16DF /* Assets.xcassets */; };
		C3AE36282032E94B002A16DF /* LaunchScreen.storyboard in Resources */ = {isa = PBXBuildFile; fileRef = C3AE36262032E94B002A16DF /* LaunchScreen.storyboard */; };
/* End PBXBuildFile section */

/* Begin PBXFileReference section */
		5E7D1D925674C54FF2321080 /* Pods-Eureka Article.release.xcconfig */ = {isa = PBXFileReference; includeInIndex = 1; lastKnownFileType = text.xcconfig; name = "Pods-Eureka Article.release.xcconfig"; path = "Pods/Target Support Files/Pods-Eureka Article/Pods-Eureka Article.release.xcconfig"; sourceTree = "<group>"; };
		6D85B787875F718E2C7137C5 /* Pods-Eureka Article.debug.xcconfig */ = {isa = PBXFileReference; includeInIndex = 1; lastKnownFileType = text.xcconfig; name = "Pods-Eureka Article.debug.xcconfig"; path = "Pods/Target Support Files/Pods-Eureka Article/Pods-Eureka Article.debug.xcconfig"; sourceTree = "<group>"; };
		BD429DF341A3E29AEBABD997 /* Pods_Eureka_Article.framework */ = {isa = PBXFileReference; explicitFileType = wrapper.framework; includeInIndex = 0; path = Pods_Eureka_Article.framework; sourceTree = BUILT_PRODUCTS_DIR; };
		C36E577520334ED100E9339C /* EurekaSimpleViewController.swift */ = {isa = PBXFileReference; lastKnownFileType = sourcecode.swift; path = EurekaSimpleViewController.swift; sourceTree = "<group>"; };
		C3AE361A2032E94B002A16DF /* Eureka Article.app */ = {isa = PBXFileReference; explicitFileType = wrapper.application; includeInIndex = 0; path = "Eureka Article.app"; sourceTree = BUILT_PRODUCTS_DIR; };
		C3AE361D2032E94B002A16DF /* AppDelegate.swift */ = {isa = PBXFileReference; lastKnownFileType = sourcecode.swift; path = AppDelegate.swift; sourceTree = "<group>"; };
		C3AE36222032E94B002A16DF /* Base */ = {isa = PBXFileReference; lastKnownFileType = file.storyboard; name = Base; path = Base.lproj/Main.storyboard; sourceTree = "<group>"; };
		C3AE36242032E94B002A16DF /* Assets.xcassets */ = {isa = PBXFileReference; lastKnownFileType = folder.assetcatalog; path = Assets.xcassets; sourceTree = "<group>"; };
		C3AE36272032E94B002A16DF /* Base */ = {isa = PBXFileReference; lastKnownFileType = file.storyboard; name = Base; path = Base.lproj/LaunchScreen.storyboard; sourceTree = "<group>"; };
		C3AE36292032E94B002A16DF /* Info.plist */ = {isa = PBXFileReference; lastKnownFileType = text.plist.xml; path = Info.plist; sourceTree = "<group>"; };
/* End PBXFileReference section */

/* Begin PBXFrameworksBuildPhase section */
		C3AE36172032E94B002A16DF /* Frameworks */ = {
			isa = PBXFrameworksBuildPhase;
			buildActionMask = 2147483647;
			files = (
				63D43E83018EAAEF8C229549 /* Pods_Eureka_Article.framework in Frameworks */,
			);
			runOnlyForDeploymentPostprocessing = 0;
		};
/* End PBXFrameworksBuildPhase section */

/* Begin PBXGroup section */
		44B37551CC64FEE10DC6E672 /* Frameworks */ = {
			isa = PBXGroup;
			children = (
				BD429DF341A3E29AEBABD997 /* Pods_Eureka_Article.framework */,
			);
			name = Frameworks;
			sourceTree = "<group>";
		};
		C3AE36112032E94B002A16DF = {
			isa = PBXGroup;
			children = (
				C3AE361C2032E94B002A16DF /* Eureka Article */,
				C3AE361B2032E94B002A16DF /* Products */,
				C6BAF9EE3CDBCEAB0C80986B /* Pods */,
				44B37551CC64FEE10DC6E672 /* Frameworks */,
			);
			sourceTree = "<group>";
		};
		C3AE361B2032E94B002A16DF /* Products */ = {
			isa = PBXGroup;
			children = (
				C3AE361A2032E94B002A16DF /* Eureka Article.app */,
			);
			name = Products;
			sourceTree = "<group>";
		};
		C3AE361C2032E94B002A16DF /* Eureka Article */ = {
			isa = PBXGroup;
			children = (
				C3AE361D2032E94B002A16DF /* AppDelegate.swift */,
				C3AE36212032E94B002A16DF /* Main.storyboard */,
				C3AE36242032E94B002A16DF /* Assets.xcassets */,
				C3AE36262032E94B002A16DF /* LaunchScreen.storyboard */,
				C3AE36292032E94B002A16DF /* Info.plist */,
				C36E577520334ED100E9339C /* EurekaSimpleViewController.swift */,
			);
			path = "Eureka Article";
			sourceTree = "<group>";
		};
		C6BAF9EE3CDBCEAB0C80986B /* Pods */ = {
			isa = PBXGroup;
			children = (
				6D85B787875F718E2C7137C5 /* Pods-Eureka Article.debug.xcconfig */,
				5E7D1D925674C54FF2321080 /* Pods-Eureka Article.release.xcconfig */,
			);
			name = Pods;
			sourceTree = "<group>";
		};
/* End PBXGroup section */

/* Begin PBXNativeTarget section */
		C3AE36192032E94B002A16DF /* Eureka Article */ = {
			isa = PBXNativeTarget;
			buildConfigurationList = C3AE362C2032E94B002A16DF /* Build configuration list for PBXNativeTarget "Eureka Article" */;
			buildPhases = (
				9CBF18A4719749FF9F4B3EE6 /* [CP] Check Pods Manifest.lock */,
				C3AE36162032E94B002A16DF /* Sources */,
				C3AE36172032E94B002A16DF /* Frameworks */,
				C3AE36182032E94B002A16DF /* Resources */,
				27CD505E03D9F9880987BB71 /* [CP] Embed Pods Frameworks */,
				868F2DAD67920EA2CE0E6A16 /* [CP] Copy Pods Resources */,
			);
			buildRules = (
			);
			dependencies = (
			);
			name = "Eureka Article";
			productName = "Eureka Article";
			productReference = C3AE361A2032E94B002A16DF /* Eureka Article.app */;
			productType = "com.apple.product-type.application";
		};
/* End PBXNativeTarget section */

/* Begin PBXProject section */
		C3AE36122032E94B002A16DF /* Project object */ = {
			isa = PBXProject;
			attributes = {
				LastSwiftUpdateCheck = 0920;
				LastUpgradeCheck = 0920;
				ORGANIZATIONNAME = Inloop;
				TargetAttributes = {
					C3AE36192032E94B002A16DF = {
						CreatedOnToolsVersion = 9.2;
						ProvisioningStyle = Automatic;
					};
				};
			};
			buildConfigurationList = C3AE36152032E94B002A16DF /* Build configuration list for PBXProject "Eureka Article" */;
			compatibilityVersion = "Xcode 8.0";
			developmentRegion = en;
			hasScannedForEncodings = 0;
			knownRegions = (
				en,
				Base,
			);
			mainGroup = C3AE36112032E94B002A16DF;
			productRefGroup = C3AE361B2032E94B002A16DF /* Products */;
			projectDirPath = "";
			projectRoot = "";
			targets = (
				C3AE36192032E94B002A16DF /* Eureka Article */,
			);
		};
/* End PBXProject section */

/* Begin PBXResourcesBuildPhase section */
		C3AE36182032E94B002A16DF /* Resources */ = {
			isa = PBXResourcesBuildPhase;
			buildActionMask = 2147483647;
			files = (
				C3AE36282032E94B002A16DF /* LaunchScreen.storyboard in Resources */,
				C3AE36252032E94B002A16DF /* Assets.xcassets in Resources */,
				C3AE36232032E94B002A16DF /* Main.storyboard in Resources */,
			);
			runOnlyForDeploymentPostprocessing = 0;
		};
/* End PBXResourcesBuildPhase section */

/* Begin PBXShellScriptBuildPhase section */
		27CD505E03D9F9880987BB71 /* [CP] Embed Pods Frameworks */ = {
			isa = PBXShellScriptBuildPhase;
			buildActionMask = 2147483647;
			files = (
			);
			inputPaths = (
				"${SRCROOT}/Pods/Target Support Files/Pods-Eureka Article/Pods-Eureka Article-frameworks.sh",
				"${BUILT_PRODUCTS_DIR}/Eureka/Eureka.framework",
			);
			name = "[CP] Embed Pods Frameworks";
			outputPaths = (
				"${TARGET_BUILD_DIR}/${FRAMEWORKS_FOLDER_PATH}/Eureka.framework",
			);
			runOnlyForDeploymentPostprocessing = 0;
			shellPath = /bin/sh;
			shellScript = "\"${SRCROOT}/Pods/Target Support Files/Pods-Eureka Article/Pods-Eureka Article-frameworks.sh\"\n";
			showEnvVarsInLog = 0;
		};
		868F2DAD67920EA2CE0E6A16 /* [CP] Copy Pods Resources */ = {
			isa = PBXShellScriptBuildPhase;
			buildActionMask = 2147483647;
			files = (
			);
			inputPaths = (
			);
			name = "[CP] Copy Pods Resources";
			outputPaths = (
			);
			runOnlyForDeploymentPostprocessing = 0;
			shellPath = /bin/sh;
			shellScript = "\"${SRCROOT}/Pods/Target Support Files/Pods-Eureka Article/Pods-Eureka Article-resources.sh\"\n";
			showEnvVarsInLog = 0;
		};
		9CBF18A4719749FF9F4B3EE6 /* [CP] Check Pods Manifest.lock */ = {
			isa = PBXShellScriptBuildPhase;
			buildActionMask = 2147483647;
			files = (
			);
			inputPaths = (
				"${PODS_PODFILE_DIR_PATH}/Podfile.lock",
				"${PODS_ROOT}/Manifest.lock",
			);
			name = "[CP] Check Pods Manifest.lock";
			outputPaths = (
				"$(DERIVED_FILE_DIR)/Pods-Eureka Article-checkManifestLockResult.txt",
			);
			runOnlyForDeploymentPostprocessing = 0;
			shellPath = /bin/sh;
			shellScript = "diff \"${PODS_PODFILE_DIR_PATH}/Podfile.lock\" \"${PODS_ROOT}/Manifest.lock\" > /dev/null\nif [ $? != 0 ] ; then\n    # print error to STDERR\n    echo \"error: The sandbox is not in sync with the Podfile.lock. Run 'pod install' or update your CocoaPods installation.\" >&2\n    exit 1\nfi\n# This output is used by Xcode 'outputs' to avoid re-running this script phase.\necho \"SUCCESS\" > \"${SCRIPT_OUTPUT_FILE_0}\"\n";
			showEnvVarsInLog = 0;
		};
/* End PBXShellScriptBuildPhase section */

/* Begin PBXSourcesBuildPhase section */
		C3AE36162032E94B002A16DF /* Sources */ = {
			isa = PBXSourcesBuildPhase;
			buildActionMask = 2147483647;
			files = (
				C36E577620334ED100E9339C /* EurekaSimpleViewController.swift in Sources */,
				C3AE361E2032E94B002A16DF /* AppDelegate.swift in Sources */,
			);
			runOnlyForDeploymentPostprocessing = 0;
		};
/* End PBXSourcesBuildPhase section */

/* Begin PBXVariantGroup section */
		C3AE36212032E94B002A16DF /* Main.storyboard */ = {
			isa = PBXVariantGroup;
			children = (
				C3AE36222032E94B002A16DF /* Base */,
			);
			name = Main.storyboard;
			sourceTree = "<group>";
		};
		C3AE36262032E94B002A16DF /* LaunchScreen.storyboard */ = {
			isa = PBXVariantGroup;
			children = (
				C3AE36272032E94B002A16DF /* Base */,
			);
			name = LaunchScreen.storyboard;
			sourceTree = "<group>";
		};
/* End PBXVariantGroup section */

/* Begin XCBuildConfiguration section */
		C3AE362A2032E94B002A16DF /* Debug */ = {
			isa = XCBuildConfiguration;
			buildSettings = {
				ALWAYS_SEARCH_USER_PATHS = NO;
				CLANG_ANALYZER_NONNULL = YES;
				CLANG_ANALYZER_NUMBER_OBJECT_CONVERSION = YES_AGGRESSIVE;
				CLANG_CXX_LANGUAGE_STANDARD = "gnu++14";
				CLANG_CXX_LIBRARY = "libc++";
				CLANG_ENABLE_MODULES = YES;
				CLANG_ENABLE_OBJC_ARC = YES;
				CLANG_WARN_BLOCK_CAPTURE_AUTORELEASING = YES;
				CLANG_WARN_BOOL_CONVERSION = YES;
				CLANG_WARN_COMMA = YES;
				CLANG_WARN_CONSTANT_CONVERSION = YES;
				CLANG_WARN_DIRECT_OBJC_ISA_USAGE = YES_ERROR;
				CLANG_WARN_DOCUMENTATION_COMMENTS = YES;
				CLANG_WARN_EMPTY_BODY = YES;
				CLANG_WARN_ENUM_CONVERSION = YES;
				CLANG_WARN_INFINITE_RECURSION = YES;
				CLANG_WARN_INT_CONVERSION = YES;
				CLANG_WARN_NON_LITERAL_NULL_CONVERSION = YES;
				CLANG_WARN_OBJC_LITERAL_CONVERSION = YES;
				CLANG_WARN_OBJC_ROOT_CLASS = YES_ERROR;
				CLANG_WARN_RANGE_LOOP_ANALYSIS = YES;
				CLANG_WARN_STRICT_PROTOTYPES = YES;
				CLANG_WARN_SUSPICIOUS_MOVE = YES;
				CLANG_WARN_UNGUARDED_AVAILABILITY = YES_AGGRESSIVE;
				CLANG_WARN_UNREACHABLE_CODE = YES;
				CLANG_WARN__DUPLICATE_METHOD_MATCH = YES;
				CODE_SIGN_IDENTITY = "iPhone Developer";
				COPY_PHASE_STRIP = NO;
				DEBUG_INFORMATION_FORMAT = dwarf;
				ENABLE_STRICT_OBJC_MSGSEND = YES;
				ENABLE_TESTABILITY = YES;
				GCC_C_LANGUAGE_STANDARD = gnu11;
				GCC_DYNAMIC_NO_PIC = NO;
				GCC_NO_COMMON_BLOCKS = YES;
				GCC_OPTIMIZATION_LEVEL = 0;
				GCC_PREPROCESSOR_DEFINITIONS = (
					"DEBUG=1",
					"$(inherited)",
				);
				GCC_WARN_64_TO_32_BIT_CONVERSION = YES;
				GCC_WARN_ABOUT_RETURN_TYPE = YES_ERROR;
				GCC_WARN_UNDECLARED_SELECTOR = YES;
				GCC_WARN_UNINITIALIZED_AUTOS = YES_AGGRESSIVE;
				GCC_WARN_UNUSED_FUNCTION = YES;
				GCC_WARN_UNUSED_VARIABLE = YES;
				IPHONEOS_DEPLOYMENT_TARGET = 11.2;
				MTL_ENABLE_DEBUG_INFO = YES;
				ONLY_ACTIVE_ARCH = YES;
				SDKROOT = iphoneos;
				SWIFT_ACTIVE_COMPILATION_CONDITIONS = DEBUG;
				SWIFT_OPTIMIZATION_LEVEL = "-Onone";
			};
			name = Debug;
		};
		C3AE362B2032E94B002A16DF /* Release */ = {
			isa = XCBuildConfiguration;
			buildSettings = {
				ALWAYS_SEARCH_USER_PATHS = NO;
				CLANG_ANALYZER_NONNULL = YES;
				CLANG_ANALYZER_NUMBER_OBJECT_CONVERSION = YES_AGGRESSIVE;
				CLANG_CXX_LANGUAGE_STANDARD = "gnu++14";
				CLANG_CXX_LIBRARY = "libc++";
				CLANG_ENABLE_MODULES = YES;
				CLANG_ENABLE_OBJC_ARC = YES;
				CLANG_WARN_BLOCK_CAPTURE_AUTORELEASING = YES;
				CLANG_WARN_BOOL_CONVERSION = YES;
				CLANG_WARN_COMMA = YES;
				CLANG_WARN_CONSTANT_CONVERSION = YES;
				CLANG_WARN_DIRECT_OBJC_ISA_USAGE = YES_ERROR;
				CLANG_WARN_DOCUMENTATION_COMMENTS = YES;
				CLANG_WARN_EMPTY_BODY = YES;
				CLANG_WARN_ENUM_CONVERSION = YES;
				CLANG_WARN_INFINITE_RECURSION = YES;
				CLANG_WARN_INT_CONVERSION = YES;
				CLANG_WARN_NON_LITERAL_NULL_CONVERSION = YES;
				CLANG_WARN_OBJC_LITERAL_CONVERSION = YES;
				CLANG_WARN_OBJC_ROOT_CLASS = YES_ERROR;
				CLANG_WARN_RANGE_LOOP_ANALYSIS = YES;
				CLANG_WARN_STRICT_PROTOTYPES = YES;
				CLANG_WARN_SUSPICIOUS_MOVE = YES;
				CLANG_WARN_UNGUARDED_AVAILABILITY = YES_AGGRESSIVE;
				CLANG_WARN_UNREACHABLE_CODE = YES;
				CLANG_WARN__DUPLICATE_METHOD_MATCH = YES;
				CODE_SIGN_IDENTITY = "iPhone Developer";
				COPY_PHASE_STRIP = NO;
				DEBUG_INFORMATION_FORMAT = "dwarf-with-dsym";
				ENABLE_NS_ASSERTIONS = NO;
				ENABLE_STRICT_OBJC_MSGSEND = YES;
				GCC_C_LANGUAGE_STANDARD = gnu11;
				GCC_NO_COMMON_BLOCKS = YES;
				GCC_WARN_64_TO_32_BIT_CONVERSION = YES;
				GCC_WARN_ABOUT_RETURN_TYPE = YES_ERROR;
				GCC_WARN_UNDECLARED_SELECTOR = YES;
				GCC_WARN_UNINITIALIZED_AUTOS = YES_AGGRESSIVE;
				GCC_WARN_UNUSED_FUNCTION = YES;
				GCC_WARN_UNUSED_VARIABLE = YES;
				IPHONEOS_DEPLOYMENT_TARGET = 11.2;
				MTL_ENABLE_DEBUG_INFO = NO;
				SDKROOT = iphoneos;
				SWIFT_OPTIMIZATION_LEVEL = "-Owholemodule";
				VALIDATE_PRODUCT = YES;
			};
			name = Release;
		};
		C3AE362D2032E94B002A16DF /* Debug */ = {
			isa = XCBuildConfiguration;
			baseConfigurationReference = 6D85B787875F718E2C7137C5 /* Pods-Eureka Article.debug.xcconfig */;
			buildSettings = {
				ASSETCATALOG_COMPILER_APPICON_NAME = AppIcon;
				CODE_SIGN_STYLE = Automatic;
				DEVELOPMENT_TEAM = 74JL49Z2D8;
				INFOPLIST_FILE = "Eureka Article/Info.plist";
				LD_RUNPATH_SEARCH_PATHS = "$(inherited) @executable_path/Frameworks";
				PRODUCT_BUNDLE_IDENTIFIER = "eu.inloop.Eureka-Article";
				PRODUCT_NAME = "$(TARGET_NAME)";
				SWIFT_VERSION = 4.0;
				TARGETED_DEVICE_FAMILY = "1,2";
			};
			name = Debug;
		};
		C3AE362E2032E94B002A16DF /* Release */ = {
			isa = XCBuildConfiguration;
			baseConfigurationReference = 5E7D1D925674C54FF2321080 /* Pods-Eureka Article.release.xcconfig */;
			buildSettings = {
				ASSETCATALOG_COMPILER_APPICON_NAME = AppIcon;
				CODE_SIGN_STYLE = Automatic;
				DEVELOPMENT_TEAM = 74JL49Z2D8;
				INFOPLIST_FILE = "Eureka Article/Info.plist";
				LD_RUNPATH_SEARCH_PATHS = "$(inherited) @executable_path/Frameworks";
				PRODUCT_BUNDLE_IDENTIFIER = "eu.inloop.Eureka-Article";
				PRODUCT_NAME = "$(TARGET_NAME)";
				SWIFT_VERSION = 4.0;
				TARGETED_DEVICE_FAMILY = "1,2";
			};
			name = Release;
		};
/* End XCBuildConfiguration section */

/* Begin XCConfigurationList section */
		C3AE36152032E94B002A16DF /* Build configuration list for PBXProject "Eureka Article" */ = {
			isa = XCConfigurationList;
			buildConfigurations = (
				C3AE362A2032E94B002A16DF /* Debug */,
				C3AE362B2032E94B002A16DF /* Release */,
			);
			defaultConfigurationIsVisible = 0;
			defaultConfigurationName = Release;
		};
		C3AE362C2032E94B002A16DF /* Build configuration list for PBXNativeTarget "Eureka Article" */ = {
			isa = XCConfigurationList;
			buildConfigurations = (
				C3AE362D2032E94B002A16DF /* Debug */,
				C3AE362E2032E94B002A16DF /* Release */,
			);
			defaultConfigurationIsVisible = 0;
			defaultConfigurationName = Release;
		};
/* End XCConfigurationList section */
	};
	rootObject = C3AE36122032E94B002A16DF /* Project object */;
}
